
Microsoft Visual Studio Solution File, Format Version 12.00
# Visual Studio 2012
Project("{2150E333-8FDC-42A3-9474-1A3956D46DE8}") = "Xaml", "Xaml", "{8026F8AE-FDC7-4923-9BB8-AC9CA4A104AA}"
EndProject
Project("{F2A71F9B-5D33-465A-A702-920D77279786}") = "PacMan.WPF", "PacMan.Xaml\PacMan.WPF.fsproj", "{CD3CDA72-2FEF-4E10-A35E-AB5B1C3EF274}"
EndProject
Global
	GlobalSection(SolutionConfigurationPlatforms) = preSolution
		Debug|Any CPU = Debug|Any CPU
		Debug|Mixed Platforms = Debug|Mixed Platforms
		Debug|Windows Phone = Debug|Windows Phone
		Debug|x86 = Debug|x86
		Release|Any CPU = Release|Any CPU
		Release|Mixed Platforms = Release|Mixed Platforms
		Release|Windows Phone = Release|Windows Phone
		Release|x86 = Release|x86
	EndGlobalSection
	GlobalSection(ProjectConfigurationPlatforms) = postSolution
		{CD3CDA72-2FEF-4E10-A35E-AB5B1C3EF274}.Debug|Any CPU.ActiveCfg = Debug|x86
		{CD3CDA72-2FEF-4E10-A35E-AB5B1C3EF274}.Debug|Mixed Platforms.ActiveCfg = Debug|x86
		{CD3CDA72-2FEF-4E10-A35E-AB5B1C3EF274}.Debug|Mixed Platforms.Build.0 = Debug|x86
		{CD3CDA72-2FEF-4E10-A35E-AB5B1C3EF274}.Debug|Windows Phone.ActiveCfg = Debug|x86
		{CD3CDA72-2FEF-4E10-A35E-AB5B1C3EF274}.Debug|x86.ActiveCfg = Debug|x86
		{CD3CDA72-2FEF-4E10-A35E-AB5B1C3EF274}.Debug|x86.Build.0 = Debug|x86
		{CD3CDA72-2FEF-4E10-A35E-AB5B1C3EF274}.Release|Any CPU.ActiveCfg = Release|x86
		{CD3CDA72-2FEF-4E10-A35E-AB5B1C3EF274}.Release|Mixed Platforms.ActiveCfg = Release|x86
		{CD3CDA72-2FEF-4E10-A35E-AB5B1C3EF274}.Release|Mixed Platforms.Build.0 = Release|x86
		{CD3CDA72-2FEF-4E10-A35E-AB5B1C3EF274}.Release|Windows Phone.ActiveCfg = Release|x86
		{CD3CDA72-2FEF-4E10-A35E-AB5B1C3EF274}.Release|x86.ActiveCfg = Release|x86
		{CD3CDA72-2FEF-4E10-A35E-AB5B1C3EF274}.Release|x86.Build.0 = Release|x86
	EndGlobalSection
	GlobalSection(SolutionProperties) = preSolution
		HideSolutionNode = FALSE
	EndGlobalSection
	GlobalSection(NestedProjects) = preSolution
		{CD3CDA72-2FEF-4E10-A35E-AB5B1C3EF274} = {8026F8AE-FDC7-4923-9BB8-AC9CA4A104AA}
	EndGlobalSection
EndGlobal
